{
  "name": "atom-live-server",
  "version": "2.2.0",
  "lockfileVersion": 1,
  "requires": true,
  "dependencies": {
    "accepts": {
      "version": "https://registry.npmjs.org/accepts/-/accepts-1.3.5.tgz",
      "integrity": "sha1-63d99gEXI6OxTopywIBcjoZ0a9I=",
      "requires": {
        "mime-types": "https://registry.npmjs.org/mime-types/-/mime-types-2.1.18.tgz",
        "negotiator": "https://registry.npmjs.org/negotiator/-/negotiator-0.6.1.tgz"
      }
    },
    "ansi-regex": {
      "version": "3.0.0",
      "resolved": "https://registry.npmjs.org/ansi-regex/-/ansi-regex-3.0.0.tgz",
      "integrity": "sha1-7QMXwyIGT3lGbAKWa922Bas32Zg="
    },
    "anymatch": {
      "version": "https://registry.npmjs.org/anymatch/-/anymatch-1.3.2.tgz",
      "integrity": "sha1-VT3Lj5HjyImEXf26NMd3IbkLnXo=",
      "requires": {
        "micromatch": "https://registry.npmjs.org/micromatch/-/micromatch-2.3.11.tgz",
        "normalize-path": "https://registry.npmjs.org/normalize-path/-/normalize-path-2.1.1.tgz"
      }
    },
    "apache-crypt": {
      "version": "https://registry.npmjs.org/apache-crypt/-/apache-crypt-1.2.1.tgz",
      "integrity": "sha1-1vxyqm0n2ZyVqU/RiNcx7v/6Zjw=",
      "requires": {
        "unix-crypt-td-js": "https://registry.npmjs.org/unix-crypt-td-js/-/unix-crypt-td-js-1.0.0.tgz"
      }
    },
    "apache-md5": {
      "version": "https://registry.npmjs.org/apache-md5/-/apache-md5-1.1.2.tgz",
      "integrity": "sha1-7klza2ObTxCLbp5ibG2pkwa0FpI="
    },
    "arr-diff": {
      "version": "https://registry.npmjs.org/arr-diff/-/arr-diff-2.0.0.tgz",
      "integrity": "sha1-jzuCf5Vai9ZpaX5KQlasPOrjVs8=",
      "requires": {
        "arr-flatten": "https://registry.npmjs.org/arr-flatten/-/arr-flatten-1.1.0.tgz"
      }
    },
    "arr-flatten": {
      "version": "https://registry.npmjs.org/arr-flatten/-/arr-flatten-1.1.0.tgz",
      "integrity": "sha1-NgSLv/TntH4TZkQxbJlmnqWukfE="
    },
    "array-unique": {
      "version": "https://registry.npmjs.org/array-unique/-/array-unique-0.2.1.tgz",
      "integrity": "sha1-odl8yvy8JiXMcPrc6zalDFiwGlM="
    },
    "async-each": {
      "version": "https://registry.npmjs.org/async-each/-/async-each-1.0.1.tgz",
      "integrity": "sha1-GdOGodntxufByF04iu28xW0zYC0="
    },
    "balanced-match": {
      "version": "https://registry.npmjs.org/balanced-match/-/balanced-match-1.0.0.tgz",
      "integrity": "sha1-ibTRmasr7kneFk6gK4nORi1xt2c="
    },
    "basic-auth": {
      "version": "https://registry.npmjs.org/basic-auth/-/basic-auth-2.0.0.tgz",
      "integrity": "sha1-AV2z81PgLlY3d1X5YnQuiYHnu7o=",
      "requires": {
        "safe-buffer": "https://registry.npmjs.org/safe-buffer/-/safe-buffer-5.1.1.tgz"
      },
      "dependencies": {
        "safe-buffer": {
          "version": "https://registry.npmjs.org/safe-buffer/-/safe-buffer-5.1.1.tgz",
          "integrity": "sha1-iTMSr2myEj3vcfV4iQAWce6yyFM="
        }
      }
    },
    "batch": {
      "version": "https://registry.npmjs.org/batch/-/batch-0.6.1.tgz",
      "integrity": "sha1-3DQxT05nkxgJP8dgJyUl+UvyXBY="
    },
    "bcryptjs": {
      "version": "https://registry.npmjs.org/bcryptjs/-/bcryptjs-2.4.3.tgz",
      "integrity": "sha1-mrVie5PmBiH/fNrF2pczAn3x0Ms="
    },
    "binary-extensions": {
      "version": "https://registry.npmjs.org/binary-extensions/-/binary-extensions-1.11.0.tgz",
      "integrity": "sha1-RqoXUftqL5PuXmibsQh9SxTGwgU="
    },
    "brace-expansion": {
      "version": "https://registry.npmjs.org/brace-expansion/-/brace-expansion-1.1.11.tgz",
      "integrity": "sha1-PH/L9SnYcibz0vUrlm/1Jx60Qd0=",
      "requires": {
        "balanced-match": "https://registry.npmjs.org/balanced-match/-/balanced-match-1.0.0.tgz",
        "concat-map": "https://registry.npmjs.org/concat-map/-/concat-map-0.0.1.tgz"
      }
    },
    "braces": {
      "version": "https://registry.npmjs.org/braces/-/braces-1.8.5.tgz",
      "integrity": "sha1-uneWLhLf+WnWt2cR6RS3N4V79qc=",
      "requires": {
        "expand-range": "https://registry.npmjs.org/expand-range/-/expand-range-1.8.2.tgz",
        "preserve": "https://registry.npmjs.org/preserve/-/preserve-0.2.0.tgz",
        "repeat-element": "https://registry.npmjs.org/repeat-element/-/repeat-element-1.1.2.tgz"
      }
    },
    "chokidar": {
      "version": "https://registry.npmjs.org/chokidar/-/chokidar-1.7.0.tgz",
      "integrity": "sha1-eY5ol3gVHIB2tLNg5e3SjNortGg=",
      "requires": {
        "anymatch": "https://registry.npmjs.org/anymatch/-/anymatch-1.3.2.tgz",
        "async-each": "https://registry.npmjs.org/async-each/-/async-each-1.0.1.tgz",
        "glob-parent": "https://registry.npmjs.org/glob-parent/-/glob-parent-2.0.0.tgz",
        "inherits": "https://registry.npmjs.org/inherits/-/inherits-2.0.3.tgz",
        "is-binary-path": "https://registry.npmjs.org/is-binary-path/-/is-binary-path-1.0.1.tgz",
        "is-glob": "https://registry.npmjs.org/is-glob/-/is-glob-2.0.1.tgz",
        "path-is-absolute": "https://registry.npmjs.org/path-is-absolute/-/path-is-absolute-1.0.1.tgz",
        "readdirp": "https://registry.npmjs.org/readdirp/-/readdirp-2.1.0.tgz"
      }
    },
    "colors": {
      "version": "https://registry.npmjs.org/colors/-/colors-1.3.0.tgz",
      "integrity": "sha1-XyDJ/vaUXLETQmCqszv73IKV4E4="
    },
    "concat-map": {
      "version": "https://registry.npmjs.org/concat-map/-/concat-map-0.0.1.tgz",
      "integrity": "sha1-2Klr13/Wjfd5OnMDajug1UBdR3s="
    },
    "connect": {
      "version": "https://registry.npmjs.org/connect/-/connect-3.5.1.tgz",
      "integrity": "sha1-bTDXpjx/FwhXprOqazY9lz3KWI4=",
      "requires": {
        "debug": "https://registry.npmjs.org/debug/-/debug-2.2.0.tgz",
        "finalhandler": "https://registry.npmjs.org/finalhandler/-/finalhandler-0.5.1.tgz",
        "parseurl": "https://registry.npmjs.org/parseurl/-/parseurl-1.3.2.tgz",
        "utils-merge": "https://registry.npmjs.org/utils-merge/-/utils-merge-1.0.0.tgz"
      }
    },
    "core-util-is": {
      "version": "https://registry.npmjs.org/core-util-is/-/core-util-is-1.0.2.tgz",
      "integrity": "sha1-tf1UIgqivFq1eqtxQMlAdUUDwac="
    },
    "cors": {
      "version": "https://registry.npmjs.org/cors/-/cors-2.8.4.tgz",
      "integrity": "sha1-K9OB8usgECAQXNUOpZ2mMJBpRoY=",
      "requires": {
        "object-assign": "https://registry.npmjs.org/object-assign/-/object-assign-4.1.1.tgz",
        "vary": "https://registry.npmjs.org/vary/-/vary-1.1.2.tgz"
      }
    },
    "debug": {
      "version": "https://registry.npmjs.org/debug/-/debug-2.2.0.tgz",
      "integrity": "sha1-+HBX6ZWxofauaklgZkE3vFbwOdo=",
      "requires": {
        "ms": "https://registry.npmjs.org/ms/-/ms-0.7.1.tgz"
      }
    },
    "depd": {
      "version": "https://registry.npmjs.org/depd/-/depd-1.1.2.tgz",
      "integrity": "sha1-m81S4UwJd2PnSbJ0xDRu0uVgtak="
    },
    "destroy": {
      "version": "https://registry.npmjs.org/destroy/-/destroy-1.0.4.tgz",
      "integrity": "sha1-l4hXRCxEdJ5CBmE+N5RiBYJqvYA="
    },
    "duplexer": {
      "version": "https://registry.npmjs.org/duplexer/-/duplexer-0.1.1.tgz",
      "integrity": "sha1-rOb/gIwc5mtX0ev5eXessCM0z8E="
    },
    "ee-first": {
      "version": "https://registry.npmjs.org/ee-first/-/ee-first-1.1.1.tgz",
      "integrity": "sha1-WQxhFWsK4vTwJVcyoViyZrxWsh0="
    },
    "encodeurl": {
      "version": "https://registry.npmjs.org/encodeurl/-/encodeurl-1.0.2.tgz",
      "integrity": "sha1-rT/0yG7C0CkyL1oCw6mmBslbP1k="
    },
    "escape-html": {
      "version": "https://registry.npmjs.org/escape-html/-/escape-html-1.0.3.tgz",
      "integrity": "sha1-Aljq5NPQwJdN4cFpGI7wBR0dGYg="
    },
    "etag": {
      "version": "https://registry.npmjs.org/etag/-/etag-1.8.1.tgz",
      "integrity": "sha1-Qa4u62XvpiJorr/qg6x9eSmbCIc="
    },
    "event-stream": {
      "version": "https://registry.npmjs.org/event-stream/-/event-stream-3.3.4.tgz",
      "integrity": "sha1-SrTJoPWlTbkzi0w02Gv86PSzVXE=",
      "requires": {
        "duplexer": "https://registry.npmjs.org/duplexer/-/duplexer-0.1.1.tgz",
        "from": "https://registry.npmjs.org/from/-/from-0.1.7.tgz",
        "map-stream": "https://registry.npmjs.org/map-stream/-/map-stream-0.1.0.tgz",
        "pause-stream": "https://registry.npmjs.org/pause-stream/-/pause-stream-0.0.11.tgz",
        "split": "https://registry.npmjs.org/split/-/split-0.3.3.tgz",
        "stream-combiner": "https://registry.npmjs.org/stream-combiner/-/stream-combiner-0.0.4.tgz",
        "through": "https://registry.npmjs.org/through/-/through-2.3.8.tgz"
      }
    },
    "expand-brackets": {
      "version": "https://registry.npmjs.org/expand-brackets/-/expand-brackets-0.1.5.tgz",
      "integrity": "sha1-3wcoTjQqgHzXM6xa9yQR5YHRF3s=",
      "requires": {
        "is-posix-bracket": "https://registry.npmjs.org/is-posix-bracket/-/is-posix-bracket-0.1.1.tgz"
      }
    },
    "expand-range": {
      "version": "https://registry.npmjs.org/expand-range/-/expand-range-1.8.2.tgz",
      "integrity": "sha1-opnv/TNf4nIeuujiV+x5ZE/IUzc=",
      "requires": {
        "fill-range": "https://registry.npmjs.org/fill-range/-/fill-range-2.2.4.tgz"
      }
    },
    "extglob": {
      "version": "https://registry.npmjs.org/extglob/-/extglob-0.3.2.tgz",
      "integrity": "sha1-Lhj/PS9JqydlzskCPwEdqo2DSaE=",
      "requires": {
        "is-extglob": "https://registry.npmjs.org/is-extglob/-/is-extglob-1.0.0.tgz"
      }
    },
    "faye-websocket": {
      "version": "https://registry.npmjs.org/faye-websocket/-/faye-websocket-0.11.1.tgz",
      "integrity": "sha1-8O/hjE9W5PQK/H4Gxxn9XuYYjzg=",
      "requires": {
        "websocket-driver": "https://registry.npmjs.org/websocket-driver/-/websocket-driver-0.7.0.tgz"
      }
    },
    "filename-regex": {
      "version": "https://registry.npmjs.org/filename-regex/-/filename-regex-2.0.1.tgz",
      "integrity": "sha1-wcS5vuPglyXdsQa3XB4wH+LxiyY="
    },
    "fill-range": {
      "version": "https://registry.npmjs.org/fill-range/-/fill-range-2.2.4.tgz",
      "integrity": "sha1-6x53OrsFbc2N8r/favWbizqTZWU=",
      "requires": {
        "is-number": "https://registry.npmjs.org/is-number/-/is-number-2.1.0.tgz",
        "isobject": "https://registry.npmjs.org/isobject/-/isobject-2.1.0.tgz",
        "randomatic": "https://registry.npmjs.org/randomatic/-/randomatic-3.0.0.tgz",
        "repeat-element": "https://registry.npmjs.org/repeat-element/-/repeat-element-1.1.2.tgz",
        "repeat-string": "https://registry.npmjs.org/repeat-string/-/repeat-string-1.6.1.tgz"
      }
    },
    "finalhandler": {
      "version": "https://registry.npmjs.org/finalhandler/-/finalhandler-0.5.1.tgz",
      "integrity": "sha1-LEANjUUwk1vCMlScX6OF7Afeb80=",
      "requires": {
        "debug": "https://registry.npmjs.org/debug/-/debug-2.2.0.tgz",
        "escape-html": "https://registry.npmjs.org/escape-html/-/escape-html-1.0.3.tgz",
        "on-finished": "https://registry.npmjs.org/on-finished/-/on-finished-2.3.0.tgz",
        "statuses": "https://registry.npmjs.org/statuses/-/statuses-1.3.1.tgz",
        "unpipe": "https://registry.npmjs.org/unpipe/-/unpipe-1.0.0.tgz"
      }
    },
    "for-in": {
      "version": "https://registry.npmjs.org/for-in/-/for-in-1.0.2.tgz",
      "integrity": "sha1-gQaNKVqBQuwKxybG4iAMMPttXoA="
    },
    "for-own": {
      "version": "https://registry.npmjs.org/for-own/-/for-own-0.1.5.tgz",
      "integrity": "sha1-UmXGgaTylNq78XyVCbZ2OqhFEM4=",
      "requires": {
        "for-in": "https://registry.npmjs.org/for-in/-/for-in-1.0.2.tgz"
      }
    },
    "fresh": {
      "version": "https://registry.npmjs.org/fresh/-/fresh-0.5.2.tgz",
      "integrity": "sha1-PYyt2Q2XZWn6g1qx+OSyOhBWBac="
    },
    "from": {
      "version": "https://registry.npmjs.org/from/-/from-0.1.7.tgz",
      "integrity": "sha1-g8YK/Fi5xWmXAH7Rp2izqzA6RP4="
    },
    "glob-base": {
      "version": "https://registry.npmjs.org/glob-base/-/glob-base-0.3.0.tgz",
      "integrity": "sha1-27Fk9iIbHAscz4Kuoyi0l98Oo8Q=",
      "requires": {
        "glob-parent": "https://registry.npmjs.org/glob-parent/-/glob-parent-2.0.0.tgz",
        "is-glob": "https://registry.npmjs.org/is-glob/-/is-glob-2.0.1.tgz"
      }
    },
    "glob-parent": {
      "version": "https://registry.npmjs.org/glob-parent/-/glob-parent-2.0.0.tgz",
      "integrity": "sha1-gTg9ctsFT8zPUzbaqQLxgvbtuyg=",
      "requires": {
        "is-glob": "https://registry.npmjs.org/is-glob/-/is-glob-2.0.1.tgz"
      }
    },
    "graceful-fs": {
      "version": "https://registry.npmjs.org/graceful-fs/-/graceful-fs-4.1.11.tgz",
      "integrity": "sha1-Dovf5NHduIVNZOBOp8AOKgJuVlg="
    },
    "http-auth": {
      "version": "https://registry.npmjs.org/http-auth/-/http-auth-3.1.3.tgz",
      "integrity": "sha1-lFz63WZSHq+PfISRPTd9exXyTjE=",
      "requires": {
        "apache-crypt": "https://registry.npmjs.org/apache-crypt/-/apache-crypt-1.2.1.tgz",
        "apache-md5": "https://registry.npmjs.org/apache-md5/-/apache-md5-1.1.2.tgz",
        "bcryptjs": "https://registry.npmjs.org/bcryptjs/-/bcryptjs-2.4.3.tgz",
        "uuid": "https://registry.npmjs.org/uuid/-/uuid-3.2.1.tgz"
      }
    },
    "http-errors": {
      "version": "https://registry.npmjs.org/http-errors/-/http-errors-1.6.3.tgz",
      "integrity": "sha1-i1VoC7S+KDoLW/TqLjhYC+HZMg0=",
      "requires": {
        "depd": "https://registry.npmjs.org/depd/-/depd-1.1.2.tgz",
        "inherits": "https://registry.npmjs.org/inherits/-/inherits-2.0.3.tgz",
        "setprototypeof": "https://registry.npmjs.org/setprototypeof/-/setprototypeof-1.1.0.tgz",
        "statuses": "https://registry.npmjs.org/statuses/-/statuses-1.5.0.tgz"
      },
      "dependencies": {
        "statuses": {
          "version": "https://registry.npmjs.org/statuses/-/statuses-1.5.0.tgz",
          "integrity": "sha1-Fhx9rBd2Wf2YEfQ3cfqZOBR4Yow="
        }
      }
    },
    "http-parser-js": {
      "version": "https://registry.npmjs.org/http-parser-js/-/http-parser-js-0.4.13.tgz",
      "integrity": "sha1-O9bW/ebjFyyTNMOzO2wZPYD+ETc="
    },
    "inherits": {
      "version": "https://registry.npmjs.org/inherits/-/inherits-2.0.3.tgz",
      "integrity": "sha1-Yzwsg+PaQqUC9SRmAiSA9CCCYd4="
    },
    "is-binary-path": {
      "version": "https://registry.npmjs.org/is-binary-path/-/is-binary-path-1.0.1.tgz",
      "integrity": "sha1-dfFmQrSA8YenEcgUFh/TpKdlWJg=",
      "requires": {
        "binary-extensions": "https://registry.npmjs.org/binary-extensions/-/binary-extensions-1.11.0.tgz"
      }
    },
    "is-buffer": {
      "version": "https://registry.npmjs.org/is-buffer/-/is-buffer-1.1.6.tgz",
      "integrity": "sha1-76ouqdqg16suoTqXsritUf776L4="
    },
    "is-dotfile": {
      "version": "https://registry.npmjs.org/is-dotfile/-/is-dotfile-1.0.3.tgz",
      "integrity": "sha1-pqLzL/0t+wT1yiXs0Pa4PPeYoeE="
    },
    "is-equal-shallow": {
      "version": "https://registry.npmjs.org/is-equal-shallow/-/is-equal-shallow-0.1.3.tgz",
      "integrity": "sha1-IjgJj8Ih3gvPpdnqxMRdY4qhxTQ=",
      "requires": {
        "is-primitive": "https://registry.npmjs.org/is-primitive/-/is-primitive-2.0.0.tgz"
      }
    },
    "is-extendable": {
      "version": "https://registry.npmjs.org/is-extendable/-/is-extendable-0.1.1.tgz",
      "integrity": "sha1-YrEQ4omkcUGOPsNqYX1HLjAd/Ik="
    },
    "is-extglob": {
      "version": "https://registry.npmjs.org/is-extglob/-/is-extglob-1.0.0.tgz",
      "integrity": "sha1-rEaBd8SUNAWgkvyPKXYMb/xiBsA="
    },
    "is-glob": {
      "version": "https://registry.npmjs.org/is-glob/-/is-glob-2.0.1.tgz",
      "integrity": "sha1-0Jb5JqPe1WAPP9/ZEZjLCIjC2GM=",
      "requires": {
        "is-extglob": "https://registry.npmjs.org/is-extglob/-/is-extglob-1.0.0.tgz"
      }
    },
    "is-number": {
      "version": "https://registry.npmjs.org/is-number/-/is-number-2.1.0.tgz",
      "integrity": "sha1-Afy7s5NGOlSPL0ZszhbezknbkI8=",
      "requires": {
        "kind-of": "https://registry.npmjs.org/kind-of/-/kind-of-3.2.2.tgz"
      }
    },
    "is-posix-bracket": {
      "version": "https://registry.npmjs.org/is-posix-bracket/-/is-posix-bracket-0.1.1.tgz",
      "integrity": "sha1-MzTceXdDaOkvAW5vvAqI9c1ua8Q="
    },
    "is-primitive": {
      "version": "https://registry.npmjs.org/is-primitive/-/is-primitive-2.0.0.tgz",
      "integrity": "sha1-IHurkWOEmcB7Kt8kCkGochADRXU="
    },
    "is-wsl": {
      "version": "https://registry.npmjs.org/is-wsl/-/is-wsl-1.1.0.tgz",
      "integrity": "sha1-HxbkqiKwTRM2tmGIpmrzxgDDpm0="
    },
    "isarray": {
      "version": "https://registry.npmjs.org/isarray/-/isarray-1.0.0.tgz",
      "integrity": "sha1-u5NdSFgsuhaMBoNJV6VKPgcSTxE="
    },
    "isobject": {
      "version": "https://registry.npmjs.org/isobject/-/isobject-2.1.0.tgz",
      "integrity": "sha1-8GVWEJaj8dou9GJy+BXIQNh+DIk=",
      "requires": {
        "isarray": "https://registry.npmjs.org/isarray/-/isarray-1.0.0.tgz"
      }
    },
    "json5": {
      "version": "https://registry.npmjs.org/json5/-/json5-0.5.1.tgz",
      "integrity": "sha1-Hq3nrMASA0rYTiOWdn6tn6VJWCE="
    },
    "kind-of": {
      "version": "https://registry.npmjs.org/kind-of/-/kind-of-3.2.2.tgz",
      "integrity": "sha1-MeohpzS6ubuw8yRm2JOupR5KPGQ=",
      "requires": {
        "is-buffer": "https://registry.npmjs.org/is-buffer/-/is-buffer-1.1.6.tgz"
      }
    },
    "live-server": {
      "version": "https://registry.npmjs.org/live-server/-/live-server-1.2.0.tgz",
      "integrity": "sha1-RJhkS7+Bpm8Y3Y3/3vYcTBw3TKM=",
      "requires": {
        "chokidar": "https://registry.npmjs.org/chokidar/-/chokidar-1.7.0.tgz",
        "colors": "https://registry.npmjs.org/colors/-/colors-1.3.0.tgz",
        "connect": "https://registry.npmjs.org/connect/-/connect-3.5.1.tgz",
        "cors": "https://registry.npmjs.org/cors/-/cors-2.8.4.tgz",
        "event-stream": "https://registry.npmjs.org/event-stream/-/event-stream-3.3.4.tgz",
        "faye-websocket": "https://registry.npmjs.org/faye-websocket/-/faye-websocket-0.11.1.tgz",
        "http-auth": "https://registry.npmjs.org/http-auth/-/http-auth-3.1.3.tgz",
        "morgan": "https://registry.npmjs.org/morgan/-/morgan-1.9.0.tgz",
        "object-assign": "https://registry.npmjs.org/object-assign/-/object-assign-4.1.1.tgz",
        "opn": "https://registry.npmjs.org/opn/-/opn-5.3.0.tgz",
        "proxy-middleware": "https://registry.npmjs.org/proxy-middleware/-/proxy-middleware-0.15.0.tgz",
        "send": "https://registry.npmjs.org/send/-/send-0.16.2.tgz",
        "serve-index": "https://registry.npmjs.org/serve-index/-/serve-index-1.9.1.tgz"
      }
    },
    "map-stream": {
      "version": "https://registry.npmjs.org/map-stream/-/map-stream-0.1.0.tgz",
      "integrity": "sha1-5WqpTEyAVaFkBKBnS3jyFffI4ZQ="
    },
    "math-random": {
      "version": "https://registry.npmjs.org/math-random/-/math-random-1.0.1.tgz",
      "integrity": "sha1-izqsWIuKZuSXXjzepn97sylgH6w="
    },
    "micromatch": {
      "version": "https://registry.npmjs.org/micromatch/-/micromatch-2.3.11.tgz",
      "integrity": "sha1-hmd8l9FyCzY0MdBNDRUpO9OMFWU=",
      "requires": {
        "arr-diff": "https://registry.npmjs.org/arr-diff/-/arr-diff-2.0.0.tgz",
        "array-unique": "https://registry.npmjs.org/array-unique/-/array-unique-0.2.1.tgz",
        "braces": "https://registry.npmjs.org/braces/-/braces-1.8.5.tgz",
        "expand-brackets": "https://registry.npmjs.org/expand-brackets/-/expand-brackets-0.1.5.tgz",
        "extglob": "https://registry.npmjs.org/extglob/-/extglob-0.3.2.tgz",
        "filename-regex": "https://registry.npmjs.org/filename-regex/-/filename-regex-2.0.1.tgz",
        "is-extglob": "https://registry.npmjs.org/is-extglob/-/is-extglob-1.0.0.tgz",
        "is-glob": "https://registry.npmjs.org/is-glob/-/is-glob-2.0.1.tgz",
        "kind-of": "https://registry.npmjs.org/kind-of/-/kind-of-3.2.2.tgz",
        "normalize-path": "https://registry.npmjs.org/normalize-path/-/normalize-path-2.1.1.tgz",
        "object.omit": "https://registry.npmjs.org/object.omit/-/object.omit-2.0.1.tgz",
        "parse-glob": "https://registry.npmjs.org/parse-glob/-/parse-glob-3.0.4.tgz",
        "regex-cache": "https://registry.npmjs.org/regex-cache/-/regex-cache-0.4.4.tgz"
      }
    },
    "mime": {
      "version": "https://registry.npmjs.org/mime/-/mime-1.4.1.tgz",
      "integrity": "sha1-Eh+evEnjdm8xGnbh+hyAA8SwOqY="
    },
    "mime-db": {
      "version": "https://registry.npmjs.org/mime-db/-/mime-db-1.33.0.tgz",
      "integrity": "sha1-o0kgUKXLm2NFBUHjnZeI0icng9s="
    },
    "mime-types": {
      "version": "https://registry.npmjs.org/mime-types/-/mime-types-2.1.18.tgz",
      "integrity": "sha1-bzI/YKg9ERRvgx/xH9ZuL+VQO7g=",
      "requires": {
        "mime-db": "https://registry.npmjs.org/mime-db/-/mime-db-1.33.0.tgz"
      }
    },
    "minimatch": {
      "version": "https://registry.npmjs.org/minimatch/-/minimatch-3.0.4.tgz",
      "integrity": "sha1-UWbihkV/AzBgZL5Ul+jbsMPTIIM=",
      "requires": {
        "brace-expansion": "https://registry.npmjs.org/brace-expansion/-/brace-expansion-1.1.11.tgz"
      }
    },
    "morgan": {
      "version": "https://registry.npmjs.org/morgan/-/morgan-1.9.0.tgz",
      "integrity": "sha1-0B+mxlhZt2/PMbPLU6OCGjEdgFE=",
      "requires": {
        "basic-auth": "https://registry.npmjs.org/basic-auth/-/basic-auth-2.0.0.tgz",
        "debug": "https://registry.npmjs.org/debug/-/debug-2.6.9.tgz",
        "depd": "https://registry.npmjs.org/depd/-/depd-1.1.2.tgz",
        "on-finished": "https://registry.npmjs.org/on-finished/-/on-finished-2.3.0.tgz",
        "on-headers": "https://registry.npmjs.org/on-headers/-/on-headers-1.0.1.tgz"
      },
      "dependencies": {
        "debug": {
          "version": "https://registry.npmjs.org/debug/-/debug-2.6.9.tgz",
          "integrity": "sha1-XRKFFd8TT/Mn6QpMk/Tgd6U2NB8=",
          "requires": {
            "ms": "https://registry.npmjs.org/ms/-/ms-2.0.0.tgz"
          }
        },
        "ms": {
          "version": "https://registry.npmjs.org/ms/-/ms-2.0.0.tgz",
          "integrity": "sha1-VgiurfwAvmwpAd9fmGF4jeDVl8g="
        }
      }
    },
    "ms": {
      "version": "https://registry.npmjs.org/ms/-/ms-0.7.1.tgz",
      "integrity": "sha1-nNE8A62/8ltl7/3nzoZO6VIBcJg="
    },
    "negotiator": {
      "version": "https://registry.npmjs.org/negotiator/-/negotiator-0.6.1.tgz",
      "integrity": "sha1-KzJxhOiZIQEXeyhWP7XnECrNDKk="
    },
    "normalize-path": {
      "version": "https://registry.npmjs.org/normalize-path/-/normalize-path-2.1.1.tgz",
      "integrity": "sha1-GrKLVW4Zg2Oowab35vogE3/mrtk=",
      "requires": {
        "remove-trailing-separator": "https://registry.npmjs.org/remove-trailing-separator/-/remove-trailing-separator-1.1.0.tgz"
      }
    },
    "object-assign": {
      "version": "https://registry.npmjs.org/object-assign/-/object-assign-4.1.1.tgz",
      "integrity": "sha1-IQmtx5ZYh8/AXLvUQsrIv7s2CGM="
    },
    "object.omit": {
      "version": "https://registry.npmjs.org/object.omit/-/object.omit-2.0.1.tgz",
      "integrity": "sha1-Gpx0SCnznbuFjHbKNXmuKlTr0fo=",
      "requires": {
        "for-own": "https://registry.npmjs.org/for-own/-/for-own-0.1.5.tgz",
        "is-extendable": "https://registry.npmjs.org/is-extendable/-/is-extendable-0.1.1.tgz"
      }
    },
    "on-finished": {
      "version": "https://registry.npmjs.org/on-finished/-/on-finished-2.3.0.tgz",
      "integrity": "sha1-IPEzZIGwg811M3mSoWlxqi2QaUc=",
      "requires": {
        "ee-first": "https://registry.npmjs.org/ee-first/-/ee-first-1.1.1.tgz"
      }
    },
    "on-headers": {
      "version": "https://registry.npmjs.org/on-headers/-/on-headers-1.0.1.tgz",
      "integrity": "sha1-ko9dD0cNSTQmUepnlLCFfBAGk/c="
    },
    "opn": {
      "version": "https://registry.npmjs.org/opn/-/opn-5.3.0.tgz",
      "integrity": "sha1-ZIcVZchjh18FLP31PT48ta21Oxw=",
      "requires": {
        "is-wsl": "https://registry.npmjs.org/is-wsl/-/is-wsl-1.1.0.tgz"
      }
    },
    "parse-glob": {
      "version": "https://registry.npmjs.org/parse-glob/-/parse-glob-3.0.4.tgz",
      "integrity": "sha1-ssN2z7EfNVE7rdFz7wu246OIORw=",
      "requires": {
        "glob-base": "https://registry.npmjs.org/glob-base/-/glob-base-0.3.0.tgz",
        "is-dotfile": "https://registry.npmjs.org/is-dotfile/-/is-dotfile-1.0.3.tgz",
        "is-extglob": "https://registry.npmjs.org/is-extglob/-/is-extglob-1.0.0.tgz",
        "is-glob": "https://registry.npmjs.org/is-glob/-/is-glob-2.0.1.tgz"
      }
    },
    "parseurl": {
      "version": "https://registry.npmjs.org/parseurl/-/parseurl-1.3.2.tgz",
      "integrity": "sha1-/CidTtiZMRlGDBViUyYs3I3mW/M="
    },
    "path-is-absolute": {
      "version": "https://registry.npmjs.org/path-is-absolute/-/path-is-absolute-1.0.1.tgz",
      "integrity": "sha1-F0uSaHNVNP+8es5r9TpanhtcX18="
    },
    "pause-stream": {
      "version": "https://registry.npmjs.org/pause-stream/-/pause-stream-0.0.11.tgz",
      "integrity": "sha1-/lo0sMvOErWqaitAPuLnO2AvFEU=",
      "requires": {
        "through": "https://registry.npmjs.org/through/-/through-2.3.8.tgz"
      }
    },
    "preserve": {
      "version": "https://registry.npmjs.org/preserve/-/preserve-0.2.0.tgz",
      "integrity": "sha1-gV7R9uvGWSb4ZbMQwHE7yzMVzks="
    },
    "process-nextick-args": {
      "version": "https://registry.npmjs.org/process-nextick-args/-/process-nextick-args-2.0.0.tgz",
      "integrity": "sha1-o31zL0JxtKsa0HDTVQjoKQeI/6o="
    },
    "proxy-middleware": {
      "version": "https://registry.npmjs.org/proxy-middleware/-/proxy-middleware-0.15.0.tgz",
      "integrity": "sha1-o/3xvvtzD5UZZYcqwvYHTGFHelY="
    },
    "randomatic": {
      "version": "https://registry.npmjs.org/randomatic/-/randomatic-3.0.0.tgz",
      "integrity": "sha1-01SQAw6091eN4pLObfsEqRoSiSM=",
      "requires": {
        "is-number": "https://registry.npmjs.org/is-number/-/is-number-4.0.0.tgz",
        "kind-of": "https://registry.npmjs.org/kind-of/-/kind-of-6.0.2.tgz",
        "math-random": "https://registry.npmjs.org/math-random/-/math-random-1.0.1.tgz"
      },
      "dependencies": {
        "is-number": {
          "version": "https://registry.npmjs.org/is-number/-/is-number-4.0.0.tgz",
          "integrity": "sha1-ACbjf1RU1z41bf5lZGmYZ8an8P8="
        },
        "kind-of": {
          "version": "https://registry.npmjs.org/kind-of/-/kind-of-6.0.2.tgz",
          "integrity": "sha1-ARRrNqYhjmTljzqNZt5df8b20FE="
        }
      }
    },
    "range-parser": {
      "version": "https://registry.npmjs.org/range-parser/-/range-parser-1.2.0.tgz",
      "integrity": "sha1-9JvmtIeJTdxA3MlKMi9hEJLgDV4="
    },
    "readable-stream": {
      "version": "https://registry.npmjs.org/readable-stream/-/readable-stream-2.3.6.tgz",
      "integrity": "sha1-sRwn2IuP8fvgcGQ8+UsMea4bCq8=",
      "requires": {
        "core-util-is": "https://registry.npmjs.org/core-util-is/-/core-util-is-1.0.2.tgz",
        "inherits": "https://registry.npmjs.org/inherits/-/inherits-2.0.3.tgz",
        "isarray": "https://registry.npmjs.org/isarray/-/isarray-1.0.0.tgz",
        "process-nextick-args": "https://registry.npmjs.org/process-nextick-args/-/process-nextick-args-2.0.0.tgz",
        "safe-buffer": "https://registry.npmjs.org/safe-buffer/-/safe-buffer-5.1.2.tgz",
        "string_decoder": "https://registry.npmjs.org/string_decoder/-/string_decoder-1.1.1.tgz",
        "util-deprecate": "https://registry.npmjs.org/util-deprecate/-/util-deprecate-1.0.2.tgz"
      }
    },
    "readdirp": {
      "version": "https://registry.npmjs.org/readdirp/-/readdirp-2.1.0.tgz",
      "integrity": "sha1-TtCtBg3zBzMAxIRANz9y0cxkLXg=",
      "requires": {
        "graceful-fs": "https://registry.npmjs.org/graceful-fs/-/graceful-fs-4.1.11.tgz",
        "minimatch": "https://registry.npmjs.org/minimatch/-/minimatch-3.0.4.tgz",
        "readable-stream": "https://registry.npmjs.org/readable-stream/-/readable-stream-2.3.6.tgz",
        "set-immediate-shim": "https://registry.npmjs.org/set-immediate-shim/-/set-immediate-shim-1.0.1.tgz"
      }
    },
    "regex-cache": {
      "version": "https://registry.npmjs.org/regex-cache/-/regex-cache-0.4.4.tgz",
      "integrity": "sha1-db3FiioUls7EihKDW8VMjVYjNt0=",
      "requires": {
        "is-equal-shallow": "https://registry.npmjs.org/is-equal-shallow/-/is-equal-shallow-0.1.3.tgz"
      }
    },
    "remove-trailing-separator": {
      "version": "https://registry.npmjs.org/remove-trailing-separator/-/remove-trailing-separator-1.1.0.tgz",
      "integrity": "sha1-wkvOKig62tW8P1jg1IJJuSN52O8="
    },
    "repeat-element": {
      "version": "https://registry.npmjs.org/repeat-element/-/repeat-element-1.1.2.tgz",
      "integrity": "sha1-7wiaF40Ug7quTZPrmLT55OEdmQo="
    },
    "repeat-string": {
      "version": "https://registry.npmjs.org/repeat-string/-/repeat-string-1.6.1.tgz",
      "integrity": "sha1-jcrkcOHIirwtYA//Sndihtp15jc="
    },
    "safe-buffer": {
      "version": "https://registry.npmjs.org/safe-buffer/-/safe-buffer-5.1.2.tgz",
      "integrity": "sha1-mR7GnSluAxN0fVm9/St0XDX4go0="
    },
    "send": {
      "version": "https://registry.npmjs.org/send/-/send-0.16.2.tgz",
      "integrity": "sha1-bsyh4PjBVtFBWXVZhI32RzCmu8E=",
      "requires": {
        "debug": "https://registry.npmjs.org/debug/-/debug-2.6.9.tgz",
        "depd": "https://registry.npmjs.org/depd/-/depd-1.1.2.tgz",
        "destroy": "https://registry.npmjs.org/destroy/-/destroy-1.0.4.tgz",
        "encodeurl": "https://registry.npmjs.org/encodeurl/-/encodeurl-1.0.2.tgz",
        "escape-html": "https://registry.npmjs.org/escape-html/-/escape-html-1.0.3.tgz",
        "etag": "https://registry.npmjs.org/etag/-/etag-1.8.1.tgz",
        "fresh": "https://registry.npmjs.org/fresh/-/fresh-0.5.2.tgz",
        "http-errors": "https://registry.npmjs.org/http-errors/-/http-errors-1.6.3.tgz",
        "mime": "https://registry.npmjs.org/mime/-/mime-1.4.1.tgz",
        "ms": "https://registry.npmjs.org/ms/-/ms-2.0.0.tgz",
        "on-finished": "https://registry.npmjs.org/on-finished/-/on-finished-2.3.0.tgz",
        "range-parser": "https://registry.npmjs.org/range-parser/-/range-parser-1.2.0.tgz",
        "statuses": "https://registry.npmjs.org/statuses/-/statuses-1.4.0.tgz"
      },
      "dependencies": {
        "debug": {
          "version": "https://registry.npmjs.org/debug/-/debug-2.6.9.tgz",
          "integrity": "sha1-XRKFFd8TT/Mn6QpMk/Tgd6U2NB8=",
          "requires": {
            "ms": "https://registry.npmjs.org/ms/-/ms-2.0.0.tgz"
          }
        },
        "ms": {
          "version": "https://registry.npmjs.org/ms/-/ms-2.0.0.tgz",
          "integrity": "sha1-VgiurfwAvmwpAd9fmGF4jeDVl8g="
        },
        "statuses": {
          "version": "https://registry.npmjs.org/statuses/-/statuses-1.4.0.tgz",
          "integrity": "sha1-u3PURtonlhBu/MG2AaJT1sRr0Ic="
        }
      }
    },
    "serve-index": {
      "version": "https://registry.npmjs.org/serve-index/-/serve-index-1.9.1.tgz",
      "integrity": "sha1-03aNabHn2C5c4FD/9bRTvqEqkjk=",
      "requires": {
        "accepts": "https://registry.npmjs.org/accepts/-/accepts-1.3.5.tgz",
        "batch": "https://registry.npmjs.org/batch/-/batch-0.6.1.tgz",
        "debug": "https://registry.npmjs.org/debug/-/debug-2.6.9.tgz",
        "escape-html": "https://registry.npmjs.org/escape-html/-/escape-html-1.0.3.tgz",
        "http-errors": "https://registry.npmjs.org/http-errors/-/http-errors-1.6.3.tgz",
        "mime-types": "https://registry.npmjs.org/mime-types/-/mime-types-2.1.18.tgz",
        "parseurl": "https://registry.npmjs.org/parseurl/-/parseurl-1.3.2.tgz"
      },
      "dependencies": {
        "debug": {
          "version": "https://registry.npmjs.org/debug/-/debug-2.6.9.tgz",
          "integrity": "sha1-XRKFFd8TT/Mn6QpMk/Tgd6U2NB8=",
          "requires": {
            "ms": "https://registry.npmjs.org/ms/-/ms-2.0.0.tgz"
          }
        },
        "ms": {
          "version": "https://registry.npmjs.org/ms/-/ms-2.0.0.tgz",
          "integrity": "sha1-VgiurfwAvmwpAd9fmGF4jeDVl8g="
        }
      }
    },
    "set-immediate-shim": {
      "version": "https://registry.npmjs.org/set-immediate-shim/-/set-immediate-shim-1.0.1.tgz",
      "integrity": "sha1-SysbJ+uAip+NzEgaWOXlb1mfP2E="
    },
    "setprototypeof": {
      "version": "https://registry.npmjs.org/setprototypeof/-/setprototypeof-1.1.0.tgz",
      "integrity": "sha1-0L2FU2iHtv58DYGMuWLZ2RxU5lY="
    },
    "split": {
      "version": "https://registry.npmjs.org/split/-/split-0.3.3.tgz",
      "integrity": "sha1-zQ7qXmOiEd//frDwkcQTPi0N0o8=",
      "requires": {
        "through": "https://registry.npmjs.org/through/-/through-2.3.8.tgz"
      }
    },
    "statuses": {
      "version": "https://registry.npmjs.org/statuses/-/statuses-1.3.1.tgz",
      "integrity": "sha1-+vUbnrdKrvOzrPStX2Gr8ky3uT4="
    },
    "stream-combiner": {
      "version": "https://registry.npmjs.org/stream-combiner/-/stream-combiner-0.0.4.tgz",
      "integrity": "sha1-TV5DPBhSYd3mI8o/RMWGvPXErRQ=",
      "requires": {
        "duplexer": "https://registry.npmjs.org/duplexer/-/duplexer-0.1.1.tgz"
      }
    },
    "string_decoder": {
      "version": "https://registry.npmjs.org/string_decoder/-/string_decoder-1.1.1.tgz",
      "integrity": "sha1-nPFhG6YmhdcDCunkujQUnDrwP8g=",
      "requires": {
        "safe-buffer": "https://registry.npmjs.org/safe-buffer/-/safe-buffer-5.1.2.tgz"
      }
    },
    "strip-ansi": {
      "version": "4.0.0",
      "resolved": "https://registry.npmjs.org/strip-ansi/-/strip-ansi-4.0.0.tgz",
      "integrity": "sha1-qEeQIusaw2iocTibY1JixQXuNo8=",
      "requires": {
        "ansi-regex": "3.0.0"
      }
    },
    "through": {
      "version": "https://registry.npmjs.org/through/-/through-2.3.8.tgz",
      "integrity": "sha1-DdTJ/6q8NXlgsbckEV1+Doai4fU="
    },
    "unix-crypt-td-js": {
      "version": "https://registry.npmjs.org/unix-crypt-td-js/-/unix-crypt-td-js-1.0.0.tgz",
      "integrity": "sha1-HAgkFQSBvHoB1J6Y8exmjYJBLzs="
    },
    "unpipe": {
      "version": "https://registry.npmjs.org/unpipe/-/unpipe-1.0.0.tgz",
      "integrity": "sha1-sr9O6FFKrmFltIF4KdIbLvSZBOw="
    },
    "util-deprecate": {
      "version": "https://registry.npmjs.org/util-deprecate/-/util-deprecate-1.0.2.tgz",
      "integrity": "sha1-RQ1Nyfpw3nMnYvvS1KKJgUGaDM8="
    },
    "utils-merge": {
      "version": "https://registry.npmjs.org/utils-merge/-/utils-merge-1.0.0.tgz",
      "integrity": "sha1-ApT7kiu5N1FTVBxPcJYjHyh8ivg="
    },
    "uuid": {
      "version": "https://registry.npmjs.org/uuid/-/uuid-3.2.1.tgz",
      "integrity": "sha1-EsUou51Y0LkmXZovbw/ovhf/HxQ="
    },
    "vary": {
      "version": "https://registry.npmjs.org/vary/-/vary-1.1.2.tgz",
      "integrity": "sha1-IpnwLG3tMNSllhsLn3RSShj2NPw="
    },
    "websocket-driver": {
      "version": "https://registry.npmjs.org/websocket-driver/-/websocket-driver-0.7.0.tgz",
      "integrity": "sha1-DK+dLXVdk67gSdS90NP+LMoqJOs=",
      "requires": {
        "http-parser-js": "https://registry.npmjs.org/http-parser-js/-/http-parser-js-0.4.13.tgz",
        "websocket-extensions": "https://registry.npmjs.org/websocket-extensions/-/websocket-extensions-0.1.3.tgz"
      }
    },
    "websocket-extensions": {
      "version": "https://registry.npmjs.org/websocket-extensions/-/websocket-extensions-0.1.3.tgz",
      "integrity": "sha1-XS/yKXcAPsaHpLhwc9+7rBRszyk="
    }
  }
}
